
Microsoft Visual Studio Solution File, Format Version 12.00
# Visual Studio Version 17
VisualStudioVersion = 17.13.35818.85 d17.13
MinimumVisualStudioVersion = 10.0.40219.1
Project("{FAE04EC0-301F-11D3-BF4B-00C04F79EFBC}") = "tpmodul7_kelompok_6", "tpmodul7_kelompok_6\tpmodul7_kelompok_6.csproj", "{8EC4EFE6-941E-4E89-8EB8-A3B6BC0FE0D8}"
EndProject
Global
	GlobalSection(SolutionConfigurationPlatforms) = preSolution
		Debug|Any CPU = Debug|Any CPU
		Release|Any CPU = Release|Any CPU
	EndGlobalSection
	GlobalSection(ProjectConfigurationPlatforms) = postSolution
		{8EC4EFE6-941E-4E89-8EB8-A3B6BC0FE0D8}.Debug|Any CPU.ActiveCfg = Debug|Any CPU
		{8EC4EFE6-941E-4E89-8EB8-A3B6BC0FE0D8}.Debug|Any CPU.Build.0 = Debug|Any CPU
		{8EC4EFE6-941E-4E89-8EB8-A3B6BC0FE0D8}.Release|Any CPU.ActiveCfg = Release|Any CPU
		{8EC4EFE6-941E-4E89-8EB8-A3B6BC0FE0D8}.Release|Any CPU.Build.0 = Release|Any CPU
	EndGlobalSection
	GlobalSection(SolutionProperties) = preSolution
		HideSolutionNode = FALSE
	EndGlobalSection
	GlobalSection(ExtensibilityGlobals) = postSolution
		SolutionGuid = {B6FF9EC8-DB13-48CD-8F5C-921C53DBC248}
	EndGlobalSection
EndGlobal
